
Microsoft Visual Studio Solution File, Format Version 12.00
# Visual Studio Version 16
VisualStudioVersion = 16.0.30104.148
MinimumVisualStudioVersion = 10.0.40219.1
Project("{FAE04EC0-301F-11D3-BF4B-00C04F79EFBC}") = "proyecto_perfiles_agenda", "proyecto_perfiles_agenda\proyecto_perfiles_agenda.csproj", "{A0E33BE7-5FFC-400A-BC83-8C072ED1C518}"
EndProject
Project("{FAE04EC0-301F-11D3-BF4B-00C04F79EFBC}") = "CapaPresentacion", "CapaPresentacion\CapaPresentacion.csproj", "{3FDE5615-4E56-4139-B118-A2174D323968}"
EndProject
Global
	GlobalSection(SolutionConfigurationPlatforms) = preSolution
		Debug|Any CPU = Debug|Any CPU
		Release|Any CPU = Release|Any CPU
	EndGlobalSection
	GlobalSection(ProjectConfigurationPlatforms) = postSolution
		{A0E33BE7-5FFC-400A-BC83-8C072ED1C518}.Debug|Any CPU.ActiveCfg = Debug|Any CPU
		{A0E33BE7-5FFC-400A-BC83-8C072ED1C518}.Debug|Any CPU.Build.0 = Debug|Any CPU
		{A0E33BE7-5FFC-400A-BC83-8C072ED1C518}.Release|Any CPU.ActiveCfg = Release|Any CPU
		{A0E33BE7-5FFC-400A-BC83-8C072ED1C518}.Release|Any CPU.Build.0 = Release|Any CPU
		{3FDE5615-4E56-4139-B118-A2174D323968}.Debug|Any CPU.ActiveCfg = Debug|Any CPU
		{3FDE5615-4E56-4139-B118-A2174D323968}.Debug|Any CPU.Build.0 = Debug|Any CPU
		{3FDE5615-4E56-4139-B118-A2174D323968}.Release|Any CPU.ActiveCfg = Release|Any CPU
		{3FDE5615-4E56-4139-B118-A2174D323968}.Release|Any CPU.Build.0 = Release|Any CPU
	EndGlobalSection
	GlobalSection(SolutionProperties) = preSolution
		HideSolutionNode = FALSE
	EndGlobalSection
	GlobalSection(ExtensibilityGlobals) = postSolution
		SolutionGuid = {9AAC1814-1611-499C-9807-DD7E8322031B}
	EndGlobalSection
EndGlobal
